// !$*UTF8*$!
{
	archiveVersion = 1;
	classes = {
	};
	objectVersion = 55;
	objects = {

/* Begin PBXBuildFile section */
		FA082CE727B48EC200BCB3FD /* LoginViewController.swift in Sources */ = {isa = PBXBuildFile; fileRef = FA082CE627B48EC200BCB3FD /* LoginViewController.swift */; };
		FA082CEE27B4990600BCB3FD /* SlideCollectionViewCell.swift in Sources */ = {isa = PBXBuildFile; fileRef = FA082CEC27B4990600BCB3FD /* SlideCollectionViewCell.swift */; };
		FA082CEF27B4990600BCB3FD /* SlideCollectionViewCell.xib in Resources */ = {isa = PBXBuildFile; fileRef = FA082CED27B4990600BCB3FD /* SlideCollectionViewCell.xib */; };
		FA1B3A6627D6252800234AF3 /* SliderSlides.swift in Sources */ = {isa = PBXBuildFile; fileRef = FA1B3A6527D6252800234AF3 /* SliderSlides.swift */; };
		FA1B3A6827D628E100234AF3 /* RegViewController.swift in Sources */ = {isa = PBXBuildFile; fileRef = FA1B3A6727D628E100234AF3 /* RegViewController.swift */; };
		FA1B3A6A27D628FD00234AF3 /* AuthViewController.swift in Sources */ = {isa = PBXBuildFile; fileRef = FA1B3A6927D628FD00234AF3 /* AuthViewController.swift */; };
		FA1B3A6E27D62B7C00234AF3 /* AppViewController.swift in Sources */ = {isa = PBXBuildFile; fileRef = FA1B3A6D27D62B7C00234AF3 /* AppViewController.swift */; };
		FA20D86727AFE7AB00874824 /* AppDelegate.swift in Sources */ = {isa = PBXBuildFile; fileRef = FA20D86627AFE7AB00874824 /* AppDelegate.swift */; };
		FA20D86927AFE7AB00874824 /* SceneDelegate.swift in Sources */ = {isa = PBXBuildFile; fileRef = FA20D86827AFE7AB00874824 /* SceneDelegate.swift */; };
		FA20D86E27AFE7AB00874824 /* Main.storyboard in Resources */ = {isa = PBXBuildFile; fileRef = FA20D86C27AFE7AB00874824 /* Main.storyboard */; };
		FA20D87027AFE7AE00874824 /* Assets.xcassets in Resources */ = {isa = PBXBuildFile; fileRef = FA20D86F27AFE7AE00874824 /* Assets.xcassets */; };
		FA20D87327AFE7AE00874824 /* LaunchScreen.storyboard in Resources */ = {isa = PBXBuildFile; fileRef = FA20D87127AFE7AE00874824 /* LaunchScreen.storyboard */; };
		FABB9F0F27B326B00015167A /* GoogleService-Info.plist in Resources */ = {isa = PBXBuildFile; fileRef = FABB9F0E27B326B00015167A /* GoogleService-Info.plist */; };
		FABB9F1227B32B5C0015167A /* FirebaseAuth in Frameworks */ = {isa = PBXBuildFile; productRef = FABB9F1127B32B5C0015167A /* FirebaseAuth */; };
		FABB9F1427B32B5C0015167A /* FirebaseDatabase in Frameworks */ = {isa = PBXBuildFile; productRef = FABB9F1327B32B5C0015167A /* FirebaseDatabase */; };
		FABB9F1627B32B5C0015167A /* FirebaseFirestore in Frameworks */ = {isa = PBXBuildFile; productRef = FABB9F1527B32B5C0015167A /* FirebaseFirestore */; };
		FABB9F1827B32B5C0015167A /* FirebaseStorage in Frameworks */ = {isa = PBXBuildFile; productRef = FABB9F1727B32B5C0015167A /* FirebaseStorage */; };
		FAD2B13C27B526AF00BB13F3 /* Model.swift in Sources */ = {isa = PBXBuildFile; fileRef = FAD2B13B27B526AF00BB13F3 /* Model.swift */; };
/* End PBXBuildFile section */

/* Begin PBXFileReference section */
		FA082CE627B48EC200BCB3FD /* LoginViewController.swift */ = {isa = PBXFileReference; lastKnownFileType = sourcecode.swift; path = LoginViewController.swift; sourceTree = "<group>"; };
		FA082CEC27B4990600BCB3FD /* SlideCollectionViewCell.swift */ = {isa = PBXFileReference; lastKnownFileType = sourcecode.swift; path = SlideCollectionViewCell.swift; sourceTree = "<group>"; };
		FA082CED27B4990600BCB3FD /* SlideCollectionViewCell.xib */ = {isa = PBXFileReference; lastKnownFileType = file.xib; path = SlideCollectionViewCell.xib; sourceTree = "<group>"; };
		FA1B3A6527D6252800234AF3 /* SliderSlides.swift */ = {isa = PBXFileReference; lastKnownFileType = sourcecode.swift; path = SliderSlides.swift; sourceTree = "<group>"; };
		FA1B3A6727D628E100234AF3 /* RegViewController.swift */ = {isa = PBXFileReference; lastKnownFileType = sourcecode.swift; path = RegViewController.swift; sourceTree = "<group>"; };
		FA1B3A6927D628FD00234AF3 /* AuthViewController.swift */ = {isa = PBXFileReference; lastKnownFileType = sourcecode.swift; path = AuthViewController.swift; sourceTree = "<group>"; };
		FA1B3A6D27D62B7C00234AF3 /* AppViewController.swift */ = {isa = PBXFileReference; lastKnownFileType = sourcecode.swift; path = AppViewController.swift; sourceTree = "<group>"; };
		FA20D86327AFE7AB00874824 /* Its my chat.app */ = {isa = PBXFileReference; explicitFileType = wrapper.application; includeInIndex = 0; path = "Its my chat.app"; sourceTree = BUILT_PRODUCTS_DIR; };
		FA20D86627AFE7AB00874824 /* AppDelegate.swift */ = {isa = PBXFileReference; lastKnownFileType = sourcecode.swift; path = AppDelegate.swift; sourceTree = "<group>"; };
		FA20D86827AFE7AB00874824 /* SceneDelegate.swift */ = {isa = PBXFileReference; lastKnownFileType = sourcecode.swift; path = SceneDelegate.swift; sourceTree = "<group>"; };
		FA20D86D27AFE7AB00874824 /* Base */ = {isa = PBXFileReference; lastKnownFileType = file.storyboard; name = Base; path = Base.lproj/Main.storyboard; sourceTree = "<group>"; };
		FA20D86F27AFE7AE00874824 /* Assets.xcassets */ = {isa = PBXFileReference; lastKnownFileType = folder.assetcatalog; path = Assets.xcassets; sourceTree = "<group>"; };
		FA20D87227AFE7AE00874824 /* Base */ = {isa = PBXFileReference; lastKnownFileType = file.storyboard; name = Base; path = Base.lproj/LaunchScreen.storyboard; sourceTree = "<group>"; };
		FA20D87427AFE7AE00874824 /* Info.plist */ = {isa = PBXFileReference; lastKnownFileType = text.plist.xml; path = Info.plist; sourceTree = "<group>"; };
		FABB9F0E27B326B00015167A /* GoogleService-Info.plist */ = {isa = PBXFileReference; fileEncoding = 4; lastKnownFileType = text.plist.xml; path = "GoogleService-Info.plist"; sourceTree = "<group>"; };
		FAD2B13B27B526AF00BB13F3 /* Model.swift */ = {isa = PBXFileReference; lastKnownFileType = sourcecode.swift; path = Model.swift; sourceTree = "<group>"; };
/* End PBXFileReference section */

/* Begin PBXFrameworksBuildPhase section */
		FA20D86027AFE7AB00874824 /* Frameworks */ = {
			isa = PBXFrameworksBuildPhase;
			buildActionMask = 2147483647;
			files = (
				FABB9F1427B32B5C0015167A /* FirebaseDatabase in Frameworks */,
				FABB9F1827B32B5C0015167A /* FirebaseStorage in Frameworks */,
				FABB9F1227B32B5C0015167A /* FirebaseAuth in Frameworks */,
				FABB9F1627B32B5C0015167A /* FirebaseFirestore in Frameworks */,
			);
			runOnlyForDeploymentPostprocessing = 0;
		};
/* End PBXFrameworksBuildPhase section */

/* Begin PBXGroup section */
		FA082CE327B48D2200BCB3FD /* Model */ = {
			isa = PBXGroup;
			children = (
				FAD2B13B27B526AF00BB13F3 /* Model.swift */,
				FA1B3A6527D6252800234AF3 /* SliderSlides.swift */,
			);
			path = Model;
			sourceTree = "<group>";
		};
		FA082CE427B48D3900BCB3FD /* View */ = {
			isa = PBXGroup;
			children = (
				FA082CEB27B4987500BCB3FD /* Slide */,
			);
			path = View;
			sourceTree = "<group>";
		};
		FA082CE527B48D4500BCB3FD /* Controller */ = {
			isa = PBXGroup;
			children = (
				FA082CE827B48EF400BCB3FD /* App */,
				FA082CEA27B48F2D00BCB3FD /* Login */,
			);
			path = Controller;
			sourceTree = "<group>";
		};
		FA082CE827B48EF400BCB3FD /* App */ = {
			isa = PBXGroup;
			children = (
				FA1B3A6D27D62B7C00234AF3 /* AppViewController.swift */,
			);
			path = App;
			sourceTree = "<group>";
		};
		FA082CEA27B48F2D00BCB3FD /* Login */ = {
			isa = PBXGroup;
			children = (
				FA082CE627B48EC200BCB3FD /* LoginViewController.swift */,
				FA1B3A6727D628E100234AF3 /* RegViewController.swift */,
				FA1B3A6927D628FD00234AF3 /* AuthViewController.swift */,
			);
			path = Login;
			sourceTree = "<group>";
		};
		FA082CEB27B4987500BCB3FD /* Slide */ = {
			isa = PBXGroup;
			children = (
				FA082CEC27B4990600BCB3FD /* SlideCollectionViewCell.swift */,
				FA082CED27B4990600BCB3FD /* SlideCollectionViewCell.xib */,
			);
			path = Slide;
			sourceTree = "<group>";
		};
		FA20D85A27AFE7AB00874824 = {
			isa = PBXGroup;
			children = (
				FA20D86527AFE7AB00874824 /* Its my chat */,
				FA20D86427AFE7AB00874824 /* Products */,
			);
			sourceTree = "<group>";
		};
		FA20D86427AFE7AB00874824 /* Products */ = {
			isa = PBXGroup;
			children = (
				FA20D86327AFE7AB00874824 /* Its my chat.app */,
			);
			name = Products;
			sourceTree = "<group>";
		};
		FA20D86527AFE7AB00874824 /* Its my chat */ = {
			isa = PBXGroup;
			children = (
				FA082CE527B48D4500BCB3FD /* Controller */,
				FA082CE427B48D3900BCB3FD /* View */,
				FA082CE327B48D2200BCB3FD /* Model */,
				FA20D86627AFE7AB00874824 /* AppDelegate.swift */,
				FA20D86827AFE7AB00874824 /* SceneDelegate.swift */,
				FA20D86C27AFE7AB00874824 /* Main.storyboard */,
				FA20D86F27AFE7AE00874824 /* Assets.xcassets */,
				FA20D87127AFE7AE00874824 /* LaunchScreen.storyboard */,
				FABB9F0E27B326B00015167A /* GoogleService-Info.plist */,
				FA20D87427AFE7AE00874824 /* Info.plist */,
			);
			path = "Its my chat";
			sourceTree = "<group>";
		};
/* End PBXGroup section */

/* Begin PBXNativeTarget section */
		FA20D86227AFE7AB00874824 /* Its my chat */ = {
			isa = PBXNativeTarget;
			buildConfigurationList = FA20D87727AFE7AE00874824 /* Build configuration list for PBXNativeTarget "Its my chat" */;
			buildPhases = (
				FA20D85F27AFE7AB00874824 /* Sources */,
				FA20D86027AFE7AB00874824 /* Frameworks */,
				FA20D86127AFE7AB00874824 /* Resources */,
			);
			buildRules = (
			);
			dependencies = (
			);
			name = "Its my chat";
			packageProductDependencies = (
				FABB9F1127B32B5C0015167A /* FirebaseAuth */,
				FABB9F1327B32B5C0015167A /* FirebaseDatabase */,
				FABB9F1527B32B5C0015167A /* FirebaseFirestore */,
				FABB9F1727B32B5C0015167A /* FirebaseStorage */,
			);
			productName = "Its my chat";
			productReference = FA20D86327AFE7AB00874824 /* Its my chat.app */;
			productType = "com.apple.product-type.application";
		};
/* End PBXNativeTarget section */

/* Begin PBXProject section */
		FA20D85B27AFE7AB00874824 /* Project object */ = {
			isa = PBXProject;
			attributes = {
				BuildIndependentTargetsInParallel = 1;
				LastSwiftUpdateCheck = 1310;
				LastUpgradeCheck = 1310;
				TargetAttributes = {
					FA20D86227AFE7AB00874824 = {
						CreatedOnToolsVersion = 13.1;
					};
				};
			};
			buildConfigurationList = FA20D85E27AFE7AB00874824 /* Build configuration list for PBXProject "Its my chat" */;
			compatibilityVersion = "Xcode 13.0";
			developmentRegion = en;
			hasScannedForEncodings = 0;
			knownRegions = (
				en,
				Base,
			);
			mainGroup = FA20D85A27AFE7AB00874824;
			packageReferences = (
				FABB9F1027B32B5C0015167A /* XCRemoteSwiftPackageReference "firebase-ios-sdk" */,
			);
			productRefGroup = FA20D86427AFE7AB00874824 /* Products */;
			projectDirPath = "";
			projectRoot = "";
			targets = (
				FA20D86227AFE7AB00874824 /* Its my chat */,
			);
		};
/* End PBXProject section */

/* Begin PBXResourcesBuildPhase section */
		FA20D86127AFE7AB00874824 /* Resources */ = {
			isa = PBXResourcesBuildPhase;
			buildActionMask = 2147483647;
			files = (
				FA20D87327AFE7AE00874824 /* LaunchScreen.storyboard in Resources */,
				FA082CEF27B4990600BCB3FD /* SlideCollectionViewCell.xib in Resources */,
				FABB9F0F27B326B00015167A /* GoogleService-Info.plist in Resources */,
				FA20D87027AFE7AE00874824 /* Assets.xcassets in Resources */,
				FA20D86E27AFE7AB00874824 /* Main.storyboard in Resources */,
			);
			runOnlyForDeploymentPostprocessing = 0;
		};
/* End PBXResourcesBuildPhase section */

/* Begin PBXSourcesBuildPhase section */
		FA20D85F27AFE7AB00874824 /* Sources */ = {
			isa = PBXSourcesBuildPhase;
			buildActionMask = 2147483647;
			files = (
				FAD2B13C27B526AF00BB13F3 /* Model.swift in Sources */,
				FA082CEE27B4990600BCB3FD /* SlideCollectionViewCell.swift in Sources */,
				FA1B3A6627D6252800234AF3 /* SliderSlides.swift in Sources */,
				FA082CE727B48EC200BCB3FD /* LoginViewController.swift in Sources */,
				FA1B3A6A27D628FD00234AF3 /* AuthViewController.swift in Sources */,
				FA20D86727AFE7AB00874824 /* AppDelegate.swift in Sources */,
				FA1B3A6E27D62B7C00234AF3 /* AppViewController.swift in Sources */,
				FA20D86927AFE7AB00874824 /* SceneDelegate.swift in Sources */,
				FA1B3A6827D628E100234AF3 /* RegViewController.swift in Sources */,
			);
			runOnlyForDeploymentPostprocessing = 0;
		};
/* End PBXSourcesBuildPhase section */

/* Begin PBXVariantGroup section */
		FA20D86C27AFE7AB00874824 /* Main.storyboard */ = {
			isa = PBXVariantGroup;
			children = (
				FA20D86D27AFE7AB00874824 /* Base */,
			);
			name = Main.storyboard;
			sourceTree = "<group>";
		};
		FA20D87127AFE7AE00874824 /* LaunchScreen.storyboard */ = {
			isa = PBXVariantGroup;
			children = (
				FA20D87227AFE7AE00874824 /* Base */,
			);
			name = LaunchScreen.storyboard;
			sourceTree = "<group>";
		};
/* End PBXVariantGroup section */

/* Begin XCBuildConfiguration section */
		FA20D87527AFE7AE00874824 /* Debug */ = {
			isa = XCBuildConfiguration;
			buildSettings = {
				ALWAYS_SEARCH_USER_PATHS = NO;
				CLANG_ANALYZER_NONNULL = YES;
				CLANG_ANALYZER_NUMBER_OBJECT_CONVERSION = YES_AGGRESSIVE;
				CLANG_CXX_LANGUAGE_STANDARD = "gnu++17";
				CLANG_CXX_LIBRARY = "libc++";
				CLANG_ENABLE_MODULES = YES;
				CLANG_ENABLE_OBJC_ARC = YES;
				CLANG_ENABLE_OBJC_WEAK = YES;
				CLANG_WARN_BLOCK_CAPTURE_AUTORELEASING = YES;
				CLANG_WARN_BOOL_CONVERSION = YES;
				CLANG_WARN_COMMA = YES;
				CLANG_WARN_CONSTANT_CONVERSION = YES;
				CLANG_WARN_DEPRECATED_OBJC_IMPLEMENTATIONS = YES;
				CLANG_WARN_DIRECT_OBJC_ISA_USAGE = YES_ERROR;
				CLANG_WARN_DOCUMENTATION_COMMENTS = YES;
				CLANG_WARN_EMPTY_BODY = YES;
				CLANG_WARN_ENUM_CONVERSION = YES;
				CLANG_WARN_INFINITE_RECURSION = YES;
				CLANG_WARN_INT_CONVERSION = YES;
				CLANG_WARN_NON_LITERAL_NULL_CONVERSION = YES;
				CLANG_WARN_OBJC_IMPLICIT_RETAIN_SELF = YES;
				CLANG_WARN_OBJC_LITERAL_CONVERSION = YES;
				CLANG_WARN_OBJC_ROOT_CLASS = YES_ERROR;
				CLANG_WARN_QUOTED_INCLUDE_IN_FRAMEWORK_HEADER = YES;
				CLANG_WARN_RANGE_LOOP_ANALYSIS = YES;
				CLANG_WARN_STRICT_PROTOTYPES = YES;
				CLANG_WARN_SUSPICIOUS_MOVE = YES;
				CLANG_WARN_UNGUARDED_AVAILABILITY = YES_AGGRESSIVE;
				CLANG_WARN_UNREACHABLE_CODE = YES;
				CLANG_WARN__DUPLICATE_METHOD_MATCH = YES;
				COPY_PHASE_STRIP = NO;
				DEBUG_INFORMATION_FORMAT = dwarf;
				ENABLE_STRICT_OBJC_MSGSEND = YES;
				ENABLE_TESTABILITY = YES;
				GCC_C_LANGUAGE_STANDARD = gnu11;
				GCC_DYNAMIC_NO_PIC = NO;
				GCC_NO_COMMON_BLOCKS = YES;
				GCC_OPTIMIZATION_LEVEL = 0;
				GCC_PREPROCESSOR_DEFINITIONS = (
					"DEBUG=1",
					"$(inherited)",
				);
				GCC_WARN_64_TO_32_BIT_CONVERSION = YES;
				GCC_WARN_ABOUT_RETURN_TYPE = YES_ERROR;
				GCC_WARN_UNDECLARED_SELECTOR = YES;
				GCC_WARN_UNINITIALIZED_AUTOS = YES_AGGRESSIVE;
				GCC_WARN_UNUSED_FUNCTION = YES;
				GCC_WARN_UNUSED_VARIABLE = YES;
				IPHONEOS_DEPLOYMENT_TARGET = 15.0;
				MTL_ENABLE_DEBUG_INFO = INCLUDE_SOURCE;
				MTL_FAST_MATH = YES;
				ONLY_ACTIVE_ARCH = YES;
				SDKROOT = iphoneos;
				SWIFT_ACTIVE_COMPILATION_CONDITIONS = DEBUG;
				SWIFT_OPTIMIZATION_LEVEL = "-Onone";
			};
			name = Debug;
		};
		FA20D87627AFE7AE00874824 /* Release */ = {
			isa = XCBuildConfiguration;
			buildSettings = {
				ALWAYS_SEARCH_USER_PATHS = NO;
				CLANG_ANALYZER_NONNULL = YES;
				CLANG_ANALYZER_NUMBER_OBJECT_CONVERSION = YES_AGGRESSIVE;
				CLANG_CXX_LANGUAGE_STANDARD = "gnu++17";
				CLANG_CXX_LIBRARY = "libc++";
				CLANG_ENABLE_MODULES = YES;
				CLANG_ENABLE_OBJC_ARC = YES;
				CLANG_ENABLE_OBJC_WEAK = YES;
				CLANG_WARN_BLOCK_CAPTURE_AUTORELEASING = YES;
				CLANG_WARN_BOOL_CONVERSION = YES;
				CLANG_WARN_COMMA = YES;
				CLANG_WARN_CONSTANT_CONVERSION = YES;
				CLANG_WARN_DEPRECATED_OBJC_IMPLEMENTATIONS = YES;
				CLANG_WARN_DIRECT_OBJC_ISA_USAGE = YES_ERROR;
				CLANG_WARN_DOCUMENTATION_COMMENTS = YES;
				CLANG_WARN_EMPTY_BODY = YES;
				CLANG_WARN_ENUM_CONVERSION = YES;
				CLANG_WARN_INFINITE_RECURSION = YES;
				CLANG_WARN_INT_CONVERSION = YES;
				CLANG_WARN_NON_LITERAL_NULL_CONVERSION = YES;
				CLANG_WARN_OBJC_IMPLICIT_RETAIN_SELF = YES;
				CLANG_WARN_OBJC_LITERAL_CONVERSION = YES;
				CLANG_WARN_OBJC_ROOT_CLASS = YES_ERROR;
				CLANG_WARN_QUOTED_INCLUDE_IN_FRAMEWORK_HEADER = YES;
				CLANG_WARN_RANGE_LOOP_ANALYSIS = YES;
				CLANG_WARN_STRICT_PROTOTYPES = YES;
				CLANG_WARN_SUSPICIOUS_MOVE = YES;
				CLANG_WARN_UNGUARDED_AVAILABILITY = YES_AGGRESSIVE;
				CLANG_WARN_UNREACHABLE_CODE = YES;
				CLANG_WARN__DUPLICATE_METHOD_MATCH = YES;
				COPY_PHASE_STRIP = NO;
				DEBUG_INFORMATION_FORMAT = "dwarf-with-dsym";
				ENABLE_NS_ASSERTIONS = NO;
				ENABLE_STRICT_OBJC_MSGSEND = YES;
				GCC_C_LANGUAGE_STANDARD = gnu11;
				GCC_NO_COMMON_BLOCKS = YES;
				GCC_WARN_64_TO_32_BIT_CONVERSION = YES;
				GCC_WARN_ABOUT_RETURN_TYPE = YES_ERROR;
				GCC_WARN_UNDECLARED_SELECTOR = YES;
				GCC_WARN_UNINITIALIZED_AUTOS = YES_AGGRESSIVE;
				GCC_WARN_UNUSED_FUNCTION = YES;
				GCC_WARN_UNUSED_VARIABLE = YES;
				IPHONEOS_DEPLOYMENT_TARGET = 15.0;
				MTL_ENABLE_DEBUG_INFO = NO;
				MTL_FAST_MATH = YES;
				SDKROOT = iphoneos;
				SWIFT_COMPILATION_MODE = wholemodule;
				SWIFT_OPTIMIZATION_LEVEL = "-O";
				VALIDATE_PRODUCT = YES;
			};
			name = Release;
		};
		FA20D87827AFE7AE00874824 /* Debug */ = {
			isa = XCBuildConfiguration;
			buildSettings = {
				ASSETCATALOG_COMPILER_APPICON_NAME = AppIcon;
				ASSETCATALOG_COMPILER_GLOBAL_ACCENT_COLOR_NAME = AccentColor;
				CODE_SIGN_STYLE = Automatic;
				CURRENT_PROJECT_VERSION = 1;
				DEVELOPMENT_TEAM = 95JY55TVJ9;
				GENERATE_INFOPLIST_FILE = YES;
				INFOPLIST_FILE = "Its my chat/Info.plist";
				INFOPLIST_KEY_UIApplicationSupportsIndirectInputEvents = YES;
				INFOPLIST_KEY_UILaunchStoryboardName = LaunchScreen;
				INFOPLIST_KEY_UIMainStoryboardFile = Main;
				INFOPLIST_KEY_UISupportedInterfaceOrientations = UIInterfaceOrientationPortrait;
				INFOPLIST_KEY_UISupportedInterfaceOrientations_iPad = "UIInterfaceOrientationPortrait UIInterfaceOrientationPortraitUpsideDown UIInterfaceOrientationLandscapeLeft UIInterfaceOrientationLandscapeRight";
				INFOPLIST_KEY_UISupportedInterfaceOrientations_iPhone = "UIInterfaceOrientationPortrait UIInterfaceOrientationLandscapeLeft UIInterfaceOrientationLandscapeRight";
				IPHONEOS_DEPLOYMENT_TARGET = 13.0;
				LD_RUNPATH_SEARCH_PATHS = (
					"$(inherited)",
					"@executable_path/Frameworks",
				);
				MARKETING_VERSION = 1.0;
				PRODUCT_BUNDLE_IDENTIFIER = "l40perl.Its-my-chat";
				PRODUCT_NAME = "$(TARGET_NAME)";
				SWIFT_EMIT_LOC_STRINGS = YES;
				SWIFT_VERSION = 5.0;
				TARGETED_DEVICE_FAMILY = 1;
			};
			name = Debug;
		};
		FA20D87927AFE7AE00874824 /* Release */ = {
			isa = XCBuildConfiguration;
			buildSettings = {
				ASSETCATALOG_COMPILER_APPICON_NAME = AppIcon;
				ASSETCATALOG_COMPILER_GLOBAL_ACCENT_COLOR_NAME = AccentColor;
				CODE_SIGN_STYLE = Automatic;
				CURRENT_PROJECT_VERSION = 1;
				DEVELOPMENT_TEAM = 95JY55TVJ9;
				GENERATE_INFOPLIST_FILE = YES;
				INFOPLIST_FILE = "Its my chat/Info.plist";
				INFOPLIST_KEY_UIApplicationSupportsIndirectInputEvents = YES;
				INFOPLIST_KEY_UILaunchStoryboardName = LaunchScreen;
				INFOPLIST_KEY_UIMainStoryboardFile = Main;
				INFOPLIST_KEY_UISupportedInterfaceOrientations = UIInterfaceOrientationPortrait;
				INFOPLIST_KEY_UISupportedInterfaceOrientations_iPad = "UIInterfaceOrientationPortrait UIInterfaceOrientationPortraitUpsideDown UIInterfaceOrientationLandscapeLeft UIInterfaceOrientationLandscapeRight";
				INFOPLIST_KEY_UISupportedInterfaceOrientations_iPhone = "UIInterfaceOrientationPortrait UIInterfaceOrientationLandscapeLeft UIInterfaceOrientationLandscapeRight";
				IPHONEOS_DEPLOYMENT_TARGET = 13.0;
				LD_RUNPATH_SEARCH_PATHS = (
					"$(inherited)",
					"@executable_path/Frameworks",
				);
				MARKETING_VERSION = 1.0;
				PRODUCT_BUNDLE_IDENTIFIER = "l40perl.Its-my-chat";
				PRODUCT_NAME = "$(TARGET_NAME)";
				SWIFT_EMIT_LOC_STRINGS = YES;
				SWIFT_VERSION = 5.0;
				TARGETED_DEVICE_FAMILY = 1;
			};
			name = Release;
		};
/* End XCBuildConfiguration section */

/* Begin XCConfigurationList section */
		FA20D85E27AFE7AB00874824 /* Build configuration list for PBXProject "Its my chat" */ = {
			isa = XCConfigurationList;
			buildConfigurations = (
				FA20D87527AFE7AE00874824 /* Debug */,
				FA20D87627AFE7AE00874824 /* Release */,
			);
			defaultConfigurationIsVisible = 0;
			defaultConfigurationName = Release;
		};
		FA20D87727AFE7AE00874824 /* Build configuration list for PBXNativeTarget "Its my chat" */ = {
			isa = XCConfigurationList;
			buildConfigurations = (
				FA20D87827AFE7AE00874824 /* Debug */,
				FA20D87927AFE7AE00874824 /* Release */,
			);
			defaultConfigurationIsVisible = 0;
			defaultConfigurationName = Release;
		};
/* End XCConfigurationList section */

/* Begin XCRemoteSwiftPackageReference section */
		FABB9F1027B32B5C0015167A /* XCRemoteSwiftPackageReference "firebase-ios-sdk" */ = {
			isa = XCRemoteSwiftPackageReference;
			repositoryURL = "https://github.com/firebase/firebase-ios-sdk";
			requirement = {
				kind = upToNextMajorVersion;
				minimumVersion = 8.0.0;
			};
		};
/* End XCRemoteSwiftPackageReference section */

/* Begin XCSwiftPackageProductDependency section */
		FABB9F1127B32B5C0015167A /* FirebaseAuth */ = {
			isa = XCSwiftPackageProductDependency;
			package = FABB9F1027B32B5C0015167A /* XCRemoteSwiftPackageReference "firebase-ios-sdk" */;
			productName = FirebaseAuth;
		};
		FABB9F1327B32B5C0015167A /* FirebaseDatabase */ = {
			isa = XCSwiftPackageProductDependency;
			package = FABB9F1027B32B5C0015167A /* XCRemoteSwiftPackageReference "firebase-ios-sdk" */;
			productName = FirebaseDatabase;
		};
		FABB9F1527B32B5C0015167A /* FirebaseFirestore */ = {
			isa = XCSwiftPackageProductDependency;
			package = FABB9F1027B32B5C0015167A /* XCRemoteSwiftPackageReference "firebase-ios-sdk" */;
			productName = FirebaseFirestore;
		};
		FABB9F1727B32B5C0015167A /* FirebaseStorage */ = {
			isa = XCSwiftPackageProductDependency;
			package = FABB9F1027B32B5C0015167A /* XCRemoteSwiftPackageReference "firebase-ios-sdk" */;
			productName = FirebaseStorage;
		};
/* End XCSwiftPackageProductDependency section */
	};
	rootObject = FA20D85B27AFE7AB00874824 /* Project object */;
}
